Microsoft Visual Studio Solution File, Format Version 10.00
# Visual Studio 2008

Project("{0E488BCE-EB4C-E537-76C6-5CCF3A9F8BD8}") = "IndieExtinction", "IndieExtinction.csproj", "{FD1FAF86-6F8D-28CC-D3CF-9CEC11F3B830}"
EndProject
Global
	GlobalSection(SolutionConfigurationPlatforms) = preSolution
		Debug|Any CPU = Debug|Any CPU
		Release|Any CPU = Release|Any CPU
	EndGlobalSection
	GlobalSection(ProjectConfigurationPlatforms) = postSolution
		{FD1FAF86-6F8D-28CC-D3CF-9CEC11F3B830}.Debug|Any CPU.ActiveCfg = Debug|Any CPU
		{FD1FAF86-6F8D-28CC-D3CF-9CEC11F3B830}.Debug|Any CPU.Build.0 = Debug|Any CPU
		{FD1FAF86-6F8D-28CC-D3CF-9CEC11F3B830}.Release|Any CPU.ActiveCfg = Release|Any CPU
		{FD1FAF86-6F8D-28CC-D3CF-9CEC11F3B830}.Release|Any CPU.Build.0 = Release|Any CPU
	EndGlobalSection
	GlobalSection(SolutionProperties) = preSolution
		HideSolutionNode = FALSE
	EndGlobalSection
	
EndGlobal
